
Microsoft Visual Studio Solution File, Format Version 12.00
# Visual Studio Version 16
VisualStudioVersion = 16.0.28922.388
MinimumVisualStudioVersion = 10.0.40219.1
Project("{FAE04EC0-301F-11D3-BF4B-00C04F79EFBC}") = "ProcessTodo", "ProcessTodo\ProcessTodo.csproj", "{DB329725-111E-4954-9C67-7650D065A3EA}"
EndProject
Project("{FAE04EC0-301F-11D3-BF4B-00C04F79EFBC}") = "ToDoListHandler", "ToDoListHandler\ToDoListHandler.csproj", "{9D4FD77B-78C3-439C-B6CC-8F14700DD9D4}"
EndProject
Project("{54435603-DBB4-11D2-8724-00A0C9A8B90C}") = "ProcessTodo-Setup", "ProcessTodo-Setup\ProcessTodo-Setup.vdproj", "{DA795E98-01F1-445B-B5A9-8E760633DB98}"
EndProject
Global
	GlobalSection(SolutionConfigurationPlatforms) = preSolution
		All|Any CPU = All|Any CPU
		All|x86 = All|x86
		Debug|Any CPU = Debug|Any CPU
		Debug|x86 = Debug|x86
		Release|Any CPU = Release|Any CPU
		Release|x86 = Release|x86
	EndGlobalSection
	GlobalSection(ProjectConfigurationPlatforms) = postSolution
		{DB329725-111E-4954-9C67-7650D065A3EA}.All|Any CPU.ActiveCfg = Release|Any CPU
		{DB329725-111E-4954-9C67-7650D065A3EA}.All|Any CPU.Build.0 = Release|Any CPU
		{DB329725-111E-4954-9C67-7650D065A3EA}.All|x86.ActiveCfg = Release|Any CPU
		{DB329725-111E-4954-9C67-7650D065A3EA}.All|x86.Build.0 = Release|Any CPU
		{DB329725-111E-4954-9C67-7650D065A3EA}.Debug|Any CPU.ActiveCfg = Debug|Any CPU
		{DB329725-111E-4954-9C67-7650D065A3EA}.Debug|Any CPU.Build.0 = Debug|Any CPU
		{DB329725-111E-4954-9C67-7650D065A3EA}.Debug|x86.ActiveCfg = Debug|Any CPU
		{DB329725-111E-4954-9C67-7650D065A3EA}.Debug|x86.Build.0 = Debug|Any CPU
		{DB329725-111E-4954-9C67-7650D065A3EA}.Release|Any CPU.ActiveCfg = Release|Any CPU
		{DB329725-111E-4954-9C67-7650D065A3EA}.Release|Any CPU.Build.0 = Release|Any CPU
		{DB329725-111E-4954-9C67-7650D065A3EA}.Release|x86.ActiveCfg = Release|Any CPU
		{DB329725-111E-4954-9C67-7650D065A3EA}.Release|x86.Build.0 = Release|Any CPU
		{9D4FD77B-78C3-439C-B6CC-8F14700DD9D4}.All|Any CPU.ActiveCfg = Release|Any CPU
		{9D4FD77B-78C3-439C-B6CC-8F14700DD9D4}.All|Any CPU.Build.0 = Release|Any CPU
		{9D4FD77B-78C3-439C-B6CC-8F14700DD9D4}.All|x86.ActiveCfg = Release|Any CPU
		{9D4FD77B-78C3-439C-B6CC-8F14700DD9D4}.All|x86.Build.0 = Release|Any CPU
		{9D4FD77B-78C3-439C-B6CC-8F14700DD9D4}.Debug|Any CPU.ActiveCfg = Debug|Any CPU
		{9D4FD77B-78C3-439C-B6CC-8F14700DD9D4}.Debug|Any CPU.Build.0 = Debug|Any CPU
		{9D4FD77B-78C3-439C-B6CC-8F14700DD9D4}.Debug|x86.ActiveCfg = Debug|Any CPU
		{9D4FD77B-78C3-439C-B6CC-8F14700DD9D4}.Debug|x86.Build.0 = Debug|Any CPU
		{9D4FD77B-78C3-439C-B6CC-8F14700DD9D4}.Release|Any CPU.ActiveCfg = Release|Any CPU
		{9D4FD77B-78C3-439C-B6CC-8F14700DD9D4}.Release|Any CPU.Build.0 = Release|Any CPU
		{9D4FD77B-78C3-439C-B6CC-8F14700DD9D4}.Release|x86.ActiveCfg = Release|Any CPU
		{9D4FD77B-78C3-439C-B6CC-8F14700DD9D4}.Release|x86.Build.0 = Release|Any CPU
		{DA795E98-01F1-445B-B5A9-8E760633DB98}.All|Any CPU.ActiveCfg = Release
		{DA795E98-01F1-445B-B5A9-8E760633DB98}.All|x86.ActiveCfg = Release
		{DA795E98-01F1-445B-B5A9-8E760633DB98}.Debug|Any CPU.ActiveCfg = Debug
		{DA795E98-01F1-445B-B5A9-8E760633DB98}.Debug|x86.ActiveCfg = Debug
		{DA795E98-01F1-445B-B5A9-8E760633DB98}.Release|Any CPU.ActiveCfg = Release
		{DA795E98-01F1-445B-B5A9-8E760633DB98}.Release|x86.ActiveCfg = Release
	EndGlobalSection
	GlobalSection(SolutionProperties) = preSolution
		HideSolutionNode = FALSE
	EndGlobalSection
	GlobalSection(ExtensibilityGlobals) = postSolution
		SolutionGuid = {63B033BB-E4D7-4892-BB56-4D4E9E460E1F}
	EndGlobalSection
EndGlobal
